
Microsoft Visual Studio Solution File, Format Version 12.00
# Visual Studio Version 17
VisualStudioVersion = 17.9.34622.214
MinimumVisualStudioVersion = 10.0.40219.1
Project("{FAE04EC0-301F-11D3-BF4B-00C04F79EFBC}") = "Execicios PLP", "Execicios PLP.csproj", "{D0A63FE0-0D4F-4EFA-AF83-2C0601E914A8}"
EndProject
Project("{FAE04EC0-301F-11D3-BF4B-00C04F79EFBC}") = "Exercicio2", "..\Exercicio2\Exercicio2.csproj", "{CE0706ED-BBAE-489D-8AA7-D36BE1FF4170}"
EndProject
Project("{FAE04EC0-301F-11D3-BF4B-00C04F79EFBC}") = "TrabalhoPraticoT2", "..\TrabalhoPraticoT2\TrabalhoPraticoT2.csproj", "{78248B13-004A-49B3-AF08-E7FD4DDDBF5A}"
EndProject
Global
	GlobalSection(SolutionConfigurationPlatforms) = preSolution
		Debug|Any CPU = Debug|Any CPU
		Release|Any CPU = Release|Any CPU
	EndGlobalSection
	GlobalSection(ProjectConfigurationPlatforms) = postSolution
		{D0A63FE0-0D4F-4EFA-AF83-2C0601E914A8}.Debug|Any CPU.ActiveCfg = Debug|Any CPU
		{D0A63FE0-0D4F-4EFA-AF83-2C0601E914A8}.Debug|Any CPU.Build.0 = Debug|Any CPU
		{D0A63FE0-0D4F-4EFA-AF83-2C0601E914A8}.Release|Any CPU.ActiveCfg = Release|Any CPU
		{D0A63FE0-0D4F-4EFA-AF83-2C0601E914A8}.Release|Any CPU.Build.0 = Release|Any CPU
		{CE0706ED-BBAE-489D-8AA7-D36BE1FF4170}.Debug|Any CPU.ActiveCfg = Debug|Any CPU
		{CE0706ED-BBAE-489D-8AA7-D36BE1FF4170}.Debug|Any CPU.Build.0 = Debug|Any CPU
		{CE0706ED-BBAE-489D-8AA7-D36BE1FF4170}.Release|Any CPU.ActiveCfg = Release|Any CPU
		{CE0706ED-BBAE-489D-8AA7-D36BE1FF4170}.Release|Any CPU.Build.0 = Release|Any CPU
		{78248B13-004A-49B3-AF08-E7FD4DDDBF5A}.Debug|Any CPU.ActiveCfg = Debug|Any CPU
		{78248B13-004A-49B3-AF08-E7FD4DDDBF5A}.Debug|Any CPU.Build.0 = Debug|Any CPU
		{78248B13-004A-49B3-AF08-E7FD4DDDBF5A}.Release|Any CPU.ActiveCfg = Release|Any CPU
		{78248B13-004A-49B3-AF08-E7FD4DDDBF5A}.Release|Any CPU.Build.0 = Release|Any CPU
	EndGlobalSection
	GlobalSection(SolutionProperties) = preSolution
		HideSolutionNode = FALSE
	EndGlobalSection
	GlobalSection(ExtensibilityGlobals) = postSolution
		SolutionGuid = {6ED71450-1F1E-4981-87F0-4A9A10E5037D}
	EndGlobalSection
EndGlobal
